{
  "version": "4",
  "specifiers": {
    "npm:@apacheli/web-workers@2": "2.0.0",
    "npm:flatted@^3.3.2": "3.3.2"
  },
  "npm": {
    "@apacheli/web-workers@2.0.0": {
      "integrity": "sha512-we156R+GAZodBz4By9jcRmhJdg+fkr9tZ58ptP0m98yhi64p6lqtM5Nc1P81A/cblWaD52mWJOSI8XKZF4Q6yQ=="
    },
    "flatted@3.3.2": {
      "integrity": "sha512-AiwGJM8YcNOaobumgtng+6NHuOqC3A7MixFeDafM3X9cIUM+xUXoS5Vfgf+OihAYe20fxqNM9yPBXJzRtZ/4eA=="
    }
  },
  "workspace": {
    "dependencies": [
      "npm:@apacheli/web-workers@2",
      "npm:flatted@^3.3.2"
    ]
  }
}
